// !$*UTF8*$!
{
	archiveVersion = 1;
	classes = {
	};
	objectVersion = 50;
	objects = {

/* Begin PBXBuildFile section */
		5BBE08B926BA0B8100D898CD /* AppDelegate.swift in Sources */ = {isa = PBXBuildFile; fileRef = 5BBE08B826BA0B8100D898CD /* AppDelegate.swift */; };
		5BBE08BB26BA0B8100D898CD /* SceneDelegate.swift in Sources */ = {isa = PBXBuildFile; fileRef = 5BBE08BA26BA0B8100D898CD /* SceneDelegate.swift */; };
		5BBE08BD26BA0B8100D898CD /* ViewController.swift in Sources */ = {isa = PBXBuildFile; fileRef = 5BBE08BC26BA0B8100D898CD /* ViewController.swift */; };
		5BBE08C226BA0B8300D898CD /* Assets.xcassets in Resources */ = {isa = PBXBuildFile; fileRef = 5BBE08C126BA0B8300D898CD /* Assets.xcassets */; };
		5BBE08C526BA0B8300D898CD /* LaunchScreen.storyboard in Resources */ = {isa = PBXBuildFile; fileRef = 5BBE08C326BA0B8300D898CD /* LaunchScreen.storyboard */; };
		5BBE08D026BA0B8300D898CD /* StudioGhilbiAppsTests.swift in Sources */ = {isa = PBXBuildFile; fileRef = 5BBE08CF26BA0B8300D898CD /* StudioGhilbiAppsTests.swift */; };
		5BBE08DB26BA0B8300D898CD /* StudioGhilbiAppsUITests.swift in Sources */ = {isa = PBXBuildFile; fileRef = 5BBE08DA26BA0B8300D898CD /* StudioGhilbiAppsUITests.swift */; };
		5BBE08E926BA0FCF00D898CD /* MovieListViewControllerTest.swift in Sources */ = {isa = PBXBuildFile; fileRef = 5BBE08E826BA0FCF00D898CD /* MovieListViewControllerTest.swift */; };
		5BBE08EB26BA144D00D898CD /* MovieListViewController.swift in Sources */ = {isa = PBXBuildFile; fileRef = 5BBE08EA26BA144D00D898CD /* MovieListViewController.swift */; };
		5BBE08ED26BA175400D898CD /* MovieListViewController.xib in Resources */ = {isa = PBXBuildFile; fileRef = 5BBE08EC26BA175400D898CD /* MovieListViewController.xib */; };
		5BBE08EF26BA1F2600D898CD /* MovieModel.swift in Sources */ = {isa = PBXBuildFile; fileRef = 5BBE08EE26BA1F2600D898CD /* MovieModel.swift */; };
/* End PBXBuildFile section */

/* Begin PBXContainerItemProxy section */
		5BBE08CC26BA0B8300D898CD /* PBXContainerItemProxy */ = {
			isa = PBXContainerItemProxy;
			containerPortal = 5BBE08AD26BA0B8100D898CD /* Project object */;
			proxyType = 1;
			remoteGlobalIDString = 5BBE08B426BA0B8100D898CD;
			remoteInfo = StudioGhilbiApps;
		};
		5BBE08D726BA0B8300D898CD /* PBXContainerItemProxy */ = {
			isa = PBXContainerItemProxy;
			containerPortal = 5BBE08AD26BA0B8100D898CD /* Project object */;
			proxyType = 1;
			remoteGlobalIDString = 5BBE08B426BA0B8100D898CD;
			remoteInfo = StudioGhilbiApps;
		};
/* End PBXContainerItemProxy section */

/* Begin PBXFileReference section */
		5BBE08B526BA0B8100D898CD /* StudioGhilbiApps.app */ = {isa = PBXFileReference; explicitFileType = wrapper.application; includeInIndex = 0; path = StudioGhilbiApps.app; sourceTree = BUILT_PRODUCTS_DIR; };
		5BBE08B826BA0B8100D898CD /* AppDelegate.swift */ = {isa = PBXFileReference; lastKnownFileType = sourcecode.swift; path = AppDelegate.swift; sourceTree = "<group>"; };
		5BBE08BA26BA0B8100D898CD /* SceneDelegate.swift */ = {isa = PBXFileReference; lastKnownFileType = sourcecode.swift; path = SceneDelegate.swift; sourceTree = "<group>"; };
		5BBE08BC26BA0B8100D898CD /* ViewController.swift */ = {isa = PBXFileReference; lastKnownFileType = sourcecode.swift; path = ViewController.swift; sourceTree = "<group>"; };
		5BBE08C126BA0B8300D898CD /* Assets.xcassets */ = {isa = PBXFileReference; lastKnownFileType = folder.assetcatalog; path = Assets.xcassets; sourceTree = "<group>"; };
		5BBE08C426BA0B8300D898CD /* Base */ = {isa = PBXFileReference; lastKnownFileType = file.storyboard; name = Base; path = Base.lproj/LaunchScreen.storyboard; sourceTree = "<group>"; };
		5BBE08C626BA0B8300D898CD /* Info.plist */ = {isa = PBXFileReference; lastKnownFileType = text.plist.xml; path = Info.plist; sourceTree = "<group>"; };
		5BBE08CB26BA0B8300D898CD /* StudioGhilbiAppsTests.xctest */ = {isa = PBXFileReference; explicitFileType = wrapper.cfbundle; includeInIndex = 0; path = StudioGhilbiAppsTests.xctest; sourceTree = BUILT_PRODUCTS_DIR; };
		5BBE08CF26BA0B8300D898CD /* StudioGhilbiAppsTests.swift */ = {isa = PBXFileReference; lastKnownFileType = sourcecode.swift; path = StudioGhilbiAppsTests.swift; sourceTree = "<group>"; };
		5BBE08D126BA0B8300D898CD /* Info.plist */ = {isa = PBXFileReference; lastKnownFileType = text.plist.xml; path = Info.plist; sourceTree = "<group>"; };
		5BBE08D626BA0B8300D898CD /* StudioGhilbiAppsUITests.xctest */ = {isa = PBXFileReference; explicitFileType = wrapper.cfbundle; includeInIndex = 0; path = StudioGhilbiAppsUITests.xctest; sourceTree = BUILT_PRODUCTS_DIR; };
		5BBE08DA26BA0B8300D898CD /* StudioGhilbiAppsUITests.swift */ = {isa = PBXFileReference; lastKnownFileType = sourcecode.swift; path = StudioGhilbiAppsUITests.swift; sourceTree = "<group>"; };
		5BBE08DC26BA0B8300D898CD /* Info.plist */ = {isa = PBXFileReference; lastKnownFileType = text.plist.xml; path = Info.plist; sourceTree = "<group>"; };
		5BBE08E826BA0FCF00D898CD /* MovieListViewControllerTest.swift */ = {isa = PBXFileReference; lastKnownFileType = sourcecode.swift; path = MovieListViewControllerTest.swift; sourceTree = "<group>"; };
		5BBE08EA26BA144D00D898CD /* MovieListViewController.swift */ = {isa = PBXFileReference; lastKnownFileType = sourcecode.swift; path = MovieListViewController.swift; sourceTree = "<group>"; };
		5BBE08EC26BA175400D898CD /* MovieListViewController.xib */ = {isa = PBXFileReference; lastKnownFileType = file.xib; path = MovieListViewController.xib; sourceTree = "<group>"; };
		5BBE08EE26BA1F2600D898CD /* MovieModel.swift */ = {isa = PBXFileReference; lastKnownFileType = sourcecode.swift; path = MovieModel.swift; sourceTree = "<group>"; };
/* End PBXFileReference section */

/* Begin PBXFrameworksBuildPhase section */
		5BBE08B226BA0B8100D898CD /* Frameworks */ = {
			isa = PBXFrameworksBuildPhase;
			buildActionMask = 2147483647;
			files = (
			);
			runOnlyForDeploymentPostprocessing = 0;
		};
		5BBE08C826BA0B8300D898CD /* Frameworks */ = {
			isa = PBXFrameworksBuildPhase;
			buildActionMask = 2147483647;
			files = (
			);
			runOnlyForDeploymentPostprocessing = 0;
		};
		5BBE08D326BA0B8300D898CD /* Frameworks */ = {
			isa = PBXFrameworksBuildPhase;
			buildActionMask = 2147483647;
			files = (
			);
			runOnlyForDeploymentPostprocessing = 0;
		};
/* End PBXFrameworksBuildPhase section */

/* Begin PBXGroup section */
		5BBE08AC26BA0B8100D898CD = {
			isa = PBXGroup;
			children = (
				5BBE08B726BA0B8100D898CD /* StudioGhilbiApps */,
				5BBE08CE26BA0B8300D898CD /* StudioGhilbiAppsTests */,
				5BBE08D926BA0B8300D898CD /* StudioGhilbiAppsUITests */,
				5BBE08B626BA0B8100D898CD /* Products */,
			);
			sourceTree = "<group>";
		};
		5BBE08B626BA0B8100D898CD /* Products */ = {
			isa = PBXGroup;
			children = (
				5BBE08B526BA0B8100D898CD /* StudioGhilbiApps.app */,
				5BBE08CB26BA0B8300D898CD /* StudioGhilbiAppsTests.xctest */,
				5BBE08D626BA0B8300D898CD /* StudioGhilbiAppsUITests.xctest */,
			);
			name = Products;
			sourceTree = "<group>";
		};
		5BBE08B726BA0B8100D898CD /* StudioGhilbiApps */ = {
			isa = PBXGroup;
			children = (
				5BBE08B826BA0B8100D898CD /* AppDelegate.swift */,
				5BBE08BA26BA0B8100D898CD /* SceneDelegate.swift */,
				5BBE08BC26BA0B8100D898CD /* ViewController.swift */,
				5BBE08C126BA0B8300D898CD /* Assets.xcassets */,
				5BBE08C326BA0B8300D898CD /* LaunchScreen.storyboard */,
				5BBE08C626BA0B8300D898CD /* Info.plist */,
				5BBE08EA26BA144D00D898CD /* MovieListViewController.swift */,
				5BBE08EC26BA175400D898CD /* MovieListViewController.xib */,
				5BBE08EE26BA1F2600D898CD /* MovieModel.swift */,
			);
			path = StudioGhilbiApps;
			sourceTree = "<group>";
		};
		5BBE08CE26BA0B8300D898CD /* StudioGhilbiAppsTests */ = {
			isa = PBXGroup;
			children = (
				5BBE08CF26BA0B8300D898CD /* StudioGhilbiAppsTests.swift */,
				5BBE08D126BA0B8300D898CD /* Info.plist */,
				5BBE08E826BA0FCF00D898CD /* MovieListViewControllerTest.swift */,
			);
			path = StudioGhilbiAppsTests;
			sourceTree = "<group>";
		};
		5BBE08D926BA0B8300D898CD /* StudioGhilbiAppsUITests */ = {
			isa = PBXGroup;
			children = (
				5BBE08DA26BA0B8300D898CD /* StudioGhilbiAppsUITests.swift */,
				5BBE08DC26BA0B8300D898CD /* Info.plist */,
			);
			path = StudioGhilbiAppsUITests;
			sourceTree = "<group>";
		};
/* End PBXGroup section */

/* Begin PBXNativeTarget section */
		5BBE08B426BA0B8100D898CD /* StudioGhilbiApps */ = {
			isa = PBXNativeTarget;
			buildConfigurationList = 5BBE08DF26BA0B8300D898CD /* Build configuration list for PBXNativeTarget "StudioGhilbiApps" */;
			buildPhases = (
				5BBE08B126BA0B8100D898CD /* Sources */,
				5BBE08B226BA0B8100D898CD /* Frameworks */,
				5BBE08B326BA0B8100D898CD /* Resources */,
			);
			buildRules = (
			);
			dependencies = (
			);
			name = StudioGhilbiApps;
			productName = StudioGhilbiApps;
			productReference = 5BBE08B526BA0B8100D898CD /* StudioGhilbiApps.app */;
			productType = "com.apple.product-type.application";
		};
		5BBE08CA26BA0B8300D898CD /* StudioGhilbiAppsTests */ = {
			isa = PBXNativeTarget;
			buildConfigurationList = 5BBE08E226BA0B8300D898CD /* Build configuration list for PBXNativeTarget "StudioGhilbiAppsTests" */;
			buildPhases = (
				5BBE08C726BA0B8300D898CD /* Sources */,
				5BBE08C826BA0B8300D898CD /* Frameworks */,
				5BBE08C926BA0B8300D898CD /* Resources */,
			);
			buildRules = (
			);
			dependencies = (
				5BBE08CD26BA0B8300D898CD /* PBXTargetDependency */,
			);
			name = StudioGhilbiAppsTests;
			productName = StudioGhilbiAppsTests;
			productReference = 5BBE08CB26BA0B8300D898CD /* StudioGhilbiAppsTests.xctest */;
			productType = "com.apple.product-type.bundle.unit-test";
		};
		5BBE08D526BA0B8300D898CD /* StudioGhilbiAppsUITests */ = {
			isa = PBXNativeTarget;
			buildConfigurationList = 5BBE08E526BA0B8300D898CD /* Build configuration list for PBXNativeTarget "StudioGhilbiAppsUITests" */;
			buildPhases = (
				5BBE08D226BA0B8300D898CD /* Sources */,
				5BBE08D326BA0B8300D898CD /* Frameworks */,
				5BBE08D426BA0B8300D898CD /* Resources */,
			);
			buildRules = (
			);
			dependencies = (
				5BBE08D826BA0B8300D898CD /* PBXTargetDependency */,
			);
			name = StudioGhilbiAppsUITests;
			productName = StudioGhilbiAppsUITests;
			productReference = 5BBE08D626BA0B8300D898CD /* StudioGhilbiAppsUITests.xctest */;
			productType = "com.apple.product-type.bundle.ui-testing";
		};
/* End PBXNativeTarget section */

/* Begin PBXProject section */
		5BBE08AD26BA0B8100D898CD /* Project object */ = {
			isa = PBXProject;
			attributes = {
				LastSwiftUpdateCheck = 1250;
				LastUpgradeCheck = 1250;
				TargetAttributes = {
					5BBE08B426BA0B8100D898CD = {
						CreatedOnToolsVersion = 12.5;
					};
					5BBE08CA26BA0B8300D898CD = {
						CreatedOnToolsVersion = 12.5;
						TestTargetID = 5BBE08B426BA0B8100D898CD;
					};
					5BBE08D526BA0B8300D898CD = {
						CreatedOnToolsVersion = 12.5;
						TestTargetID = 5BBE08B426BA0B8100D898CD;
					};
				};
			};
			buildConfigurationList = 5BBE08B026BA0B8100D898CD /* Build configuration list for PBXProject "StudioGhilbiApps" */;
			compatibilityVersion = "Xcode 9.3";
			developmentRegion = en;
			hasScannedForEncodings = 0;
			knownRegions = (
				en,
				Base,
			);
			mainGroup = 5BBE08AC26BA0B8100D898CD;
			productRefGroup = 5BBE08B626BA0B8100D898CD /* Products */;
			projectDirPath = "";
			projectRoot = "";
			targets = (
				5BBE08B426BA0B8100D898CD /* StudioGhilbiApps */,
				5BBE08CA26BA0B8300D898CD /* StudioGhilbiAppsTests */,
				5BBE08D526BA0B8300D898CD /* StudioGhilbiAppsUITests */,
			);
		};
/* End PBXProject section */

/* Begin PBXResourcesBuildPhase section */
		5BBE08B326BA0B8100D898CD /* Resources */ = {
			isa = PBXResourcesBuildPhase;
			buildActionMask = 2147483647;
			files = (
				5BBE08ED26BA175400D898CD /* MovieListViewController.xib in Resources */,
				5BBE08C526BA0B8300D898CD /* LaunchScreen.storyboard in Resources */,
				5BBE08C226BA0B8300D898CD /* Assets.xcassets in Resources */,
			);
			runOnlyForDeploymentPostprocessing = 0;
		};
		5BBE08C926BA0B8300D898CD /* Resources */ = {
			isa = PBXResourcesBuildPhase;
			buildActionMask = 2147483647;
			files = (
			);
			runOnlyForDeploymentPostprocessing = 0;
		};
		5BBE08D426BA0B8300D898CD /* Resources */ = {
			isa = PBXResourcesBuildPhase;
			buildActionMask = 2147483647;
			files = (
			);
			runOnlyForDeploymentPostprocessing = 0;
		};
/* End PBXResourcesBuildPhase section */

/* Begin PBXSourcesBuildPhase section */
		5BBE08B126BA0B8100D898CD /* Sources */ = {
			isa = PBXSourcesBuildPhase;
			buildActionMask = 2147483647;
			files = (
				5BBE08BD26BA0B8100D898CD /* ViewController.swift in Sources */,
				5BBE08B926BA0B8100D898CD /* AppDelegate.swift in Sources */,
				5BBE08EF26BA1F2600D898CD /* MovieModel.swift in Sources */,
				5BBE08BB26BA0B8100D898CD /* SceneDelegate.swift in Sources */,
				5BBE08EB26BA144D00D898CD /* MovieListViewController.swift in Sources */,
			);
			runOnlyForDeploymentPostprocessing = 0;
		};
		5BBE08C726BA0B8300D898CD /* Sources */ = {
			isa = PBXSourcesBuildPhase;
			buildActionMask = 2147483647;
			files = (
				5BBE08D026BA0B8300D898CD /* StudioGhilbiAppsTests.swift in Sources */,
				5BBE08E926BA0FCF00D898CD /* MovieListViewControllerTest.swift in Sources */,
			);
			runOnlyForDeploymentPostprocessing = 0;
		};
		5BBE08D226BA0B8300D898CD /* Sources */ = {
			isa = PBXSourcesBuildPhase;
			buildActionMask = 2147483647;
			files = (
				5BBE08DB26BA0B8300D898CD /* StudioGhilbiAppsUITests.swift in Sources */,
			);
			runOnlyForDeploymentPostprocessing = 0;
		};
/* End PBXSourcesBuildPhase section */

/* Begin PBXTargetDependency section */
		5BBE08CD26BA0B8300D898CD /* PBXTargetDependency */ = {
			isa = PBXTargetDependency;
			target = 5BBE08B426BA0B8100D898CD /* StudioGhilbiApps */;
			targetProxy = 5BBE08CC26BA0B8300D898CD /* PBXContainerItemProxy */;
		};
		5BBE08D826BA0B8300D898CD /* PBXTargetDependency */ = {
			isa = PBXTargetDependency;
			target = 5BBE08B426BA0B8100D898CD /* StudioGhilbiApps */;
			targetProxy = 5BBE08D726BA0B8300D898CD /* PBXContainerItemProxy */;
		};
/* End PBXTargetDependency section */

/* Begin PBXVariantGroup section */
		5BBE08C326BA0B8300D898CD /* LaunchScreen.storyboard */ = {
			isa = PBXVariantGroup;
			children = (
				5BBE08C426BA0B8300D898CD /* Base */,
			);
			name = LaunchScreen.storyboard;
			sourceTree = "<group>";
		};
/* End PBXVariantGroup section */

/* Begin XCBuildConfiguration section */
		5BBE08DD26BA0B8300D898CD /* Debug */ = {
			isa = XCBuildConfiguration;
			buildSettings = {
				ALWAYS_SEARCH_USER_PATHS = NO;
				CLANG_ANALYZER_NONNULL = YES;
				CLANG_ANALYZER_NUMBER_OBJECT_CONVERSION = YES_AGGRESSIVE;
				CLANG_CXX_LANGUAGE_STANDARD = "gnu++14";
				CLANG_CXX_LIBRARY = "libc++";
				CLANG_ENABLE_MODULES = YES;
				CLANG_ENABLE_OBJC_ARC = YES;
				CLANG_ENABLE_OBJC_WEAK = YES;
				CLANG_WARN_BLOCK_CAPTURE_AUTORELEASING = YES;
				CLANG_WARN_BOOL_CONVERSION = YES;
				CLANG_WARN_COMMA = YES;
				CLANG_WARN_CONSTANT_CONVERSION = YES;
				CLANG_WARN_DEPRECATED_OBJC_IMPLEMENTATIONS = YES;
				CLANG_WARN_DIRECT_OBJC_ISA_USAGE = YES_ERROR;
				CLANG_WARN_DOCUMENTATION_COMMENTS = YES;
				CLANG_WARN_EMPTY_BODY = YES;
				CLANG_WARN_ENUM_CONVERSION = YES;
				CLANG_WARN_INFINITE_RECURSION = YES;
				CLANG_WARN_INT_CONVERSION = YES;
				CLANG_WARN_NON_LITERAL_NULL_CONVERSION = YES;
				CLANG_WARN_OBJC_IMPLICIT_RETAIN_SELF = YES;
				CLANG_WARN_OBJC_LITERAL_CONVERSION = YES;
				CLANG_WARN_OBJC_ROOT_CLASS = YES_ERROR;
				CLANG_WARN_QUOTED_INCLUDE_IN_FRAMEWORK_HEADER = YES;
				CLANG_WARN_RANGE_LOOP_ANALYSIS = YES;
				CLANG_WARN_STRICT_PROTOTYPES = YES;
				CLANG_WARN_SUSPICIOUS_MOVE = YES;
				CLANG_WARN_UNGUARDED_AVAILABILITY = YES_AGGRESSIVE;
				CLANG_WARN_UNREACHABLE_CODE = YES;
				CLANG_WARN__DUPLICATE_METHOD_MATCH = YES;
				COPY_PHASE_STRIP = NO;
				DEBUG_INFORMATION_FORMAT = dwarf;
				ENABLE_STRICT_OBJC_MSGSEND = YES;
				ENABLE_TESTABILITY = YES;
				GCC_C_LANGUAGE_STANDARD = gnu11;
				GCC_DYNAMIC_NO_PIC = NO;
				GCC_NO_COMMON_BLOCKS = YES;
				GCC_OPTIMIZATION_LEVEL = 0;
				GCC_PREPROCESSOR_DEFINITIONS = (
					"DEBUG=1",
					"$(inherited)",
				);
				GCC_WARN_64_TO_32_BIT_CONVERSION = YES;
				GCC_WARN_ABOUT_RETURN_TYPE = YES_ERROR;
				GCC_WARN_UNDECLARED_SELECTOR = YES;
				GCC_WARN_UNINITIALIZED_AUTOS = YES_AGGRESSIVE;
				GCC_WARN_UNUSED_FUNCTION = YES;
				GCC_WARN_UNUSED_VARIABLE = YES;
				IPHONEOS_DEPLOYMENT_TARGET = 14.5;
				MTL_ENABLE_DEBUG_INFO = INCLUDE_SOURCE;
				MTL_FAST_MATH = YES;
				ONLY_ACTIVE_ARCH = YES;
				SDKROOT = iphoneos;
				SWIFT_ACTIVE_COMPILATION_CONDITIONS = DEBUG;
				SWIFT_OPTIMIZATION_LEVEL = "-Onone";
			};
			name = Debug;
		};
		5BBE08DE26BA0B8300D898CD /* Release */ = {
			isa = XCBuildConfiguration;
			buildSettings = {
				ALWAYS_SEARCH_USER_PATHS = NO;
				CLANG_ANALYZER_NONNULL = YES;
				CLANG_ANALYZER_NUMBER_OBJECT_CONVERSION = YES_AGGRESSIVE;
				CLANG_CXX_LANGUAGE_STANDARD = "gnu++14";
				CLANG_CXX_LIBRARY = "libc++";
				CLANG_ENABLE_MODULES = YES;
				CLANG_ENABLE_OBJC_ARC = YES;
				CLANG_ENABLE_OBJC_WEAK = YES;
				CLANG_WARN_BLOCK_CAPTURE_AUTORELEASING = YES;
				CLANG_WARN_BOOL_CONVERSION = YES;
				CLANG_WARN_COMMA = YES;
				CLANG_WARN_CONSTANT_CONVERSION = YES;
				CLANG_WARN_DEPRECATED_OBJC_IMPLEMENTATIONS = YES;
				CLANG_WARN_DIRECT_OBJC_ISA_USAGE = YES_ERROR;
				CLANG_WARN_DOCUMENTATION_COMMENTS = YES;
				CLANG_WARN_EMPTY_BODY = YES;
				CLANG_WARN_ENUM_CONVERSION = YES;
				CLANG_WARN_INFINITE_RECURSION = YES;
				CLANG_WARN_INT_CONVERSION = YES;
				CLANG_WARN_NON_LITERAL_NULL_CONVERSION = YES;
				CLANG_WARN_OBJC_IMPLICIT_RETAIN_SELF = YES;
				CLANG_WARN_OBJC_LITERAL_CONVERSION = YES;
				CLANG_WARN_OBJC_ROOT_CLASS = YES_ERROR;
				CLANG_WARN_QUOTED_INCLUDE_IN_FRAMEWORK_HEADER = YES;
				CLANG_WARN_RANGE_LOOP_ANALYSIS = YES;
				CLANG_WARN_STRICT_PROTOTYPES = YES;
				CLANG_WARN_SUSPICIOUS_MOVE = YES;
				CLANG_WARN_UNGUARDED_AVAILABILITY = YES_AGGRESSIVE;
				CLANG_WARN_UNREACHABLE_CODE = YES;
				CLANG_WARN__DUPLICATE_METHOD_MATCH = YES;
				COPY_PHASE_STRIP = NO;
				DEBUG_INFORMATION_FORMAT = "dwarf-with-dsym";
				ENABLE_NS_ASSERTIONS = NO;
				ENABLE_STRICT_OBJC_MSGSEND = YES;
				GCC_C_LANGUAGE_STANDARD = gnu11;
				GCC_NO_COMMON_BLOCKS = YES;
				GCC_WARN_64_TO_32_BIT_CONVERSION = YES;
				GCC_WARN_ABOUT_RETURN_TYPE = YES_ERROR;
				GCC_WARN_UNDECLARED_SELECTOR = YES;
				GCC_WARN_UNINITIALIZED_AUTOS = YES_AGGRESSIVE;
				GCC_WARN_UNUSED_FUNCTION = YES;
				GCC_WARN_UNUSED_VARIABLE = YES;
				IPHONEOS_DEPLOYMENT_TARGET = 14.5;
				MTL_ENABLE_DEBUG_INFO = NO;
				MTL_FAST_MATH = YES;
				SDKROOT = iphoneos;
				SWIFT_COMPILATION_MODE = wholemodule;
				SWIFT_OPTIMIZATION_LEVEL = "-O";
				VALIDATE_PRODUCT = YES;
			};
			name = Release;
		};
		5BBE08E026BA0B8300D898CD /* Debug */ = {
			isa = XCBuildConfiguration;
			buildSettings = {
				ASSETCATALOG_COMPILER_APPICON_NAME = AppIcon;
				ASSETCATALOG_COMPILER_GLOBAL_ACCENT_COLOR_NAME = AccentColor;
				CODE_SIGN_STYLE = Automatic;
				INFOPLIST_FILE = StudioGhilbiApps/Info.plist;
				LD_RUNPATH_SEARCH_PATHS = (
					"$(inherited)",
					"@executable_path/Frameworks",
				);
				PRODUCT_BUNDLE_IDENTIFIER = com.fora.StudioGhilbiApps;
				PRODUCT_NAME = "$(TARGET_NAME)";
				SWIFT_VERSION = 5.0;
				TARGETED_DEVICE_FAMILY = "1,2";
			};
			name = Debug;
		};
		5BBE08E126BA0B8300D898CD /* Release */ = {
			isa = XCBuildConfiguration;
			buildSettings = {
				ASSETCATALOG_COMPILER_APPICON_NAME = AppIcon;
				ASSETCATALOG_COMPILER_GLOBAL_ACCENT_COLOR_NAME = AccentColor;
				CODE_SIGN_STYLE = Automatic;
				INFOPLIST_FILE = StudioGhilbiApps/Info.plist;
				LD_RUNPATH_SEARCH_PATHS = (
					"$(inherited)",
					"@executable_path/Frameworks",
				);
				PRODUCT_BUNDLE_IDENTIFIER = com.fora.StudioGhilbiApps;
				PRODUCT_NAME = "$(TARGET_NAME)";
				SWIFT_VERSION = 5.0;
				TARGETED_DEVICE_FAMILY = "1,2";
			};
			name = Release;
		};
		5BBE08E326BA0B8300D898CD /* Debug */ = {
			isa = XCBuildConfiguration;
			buildSettings = {
				ALWAYS_EMBED_SWIFT_STANDARD_LIBRARIES = YES;
				BUNDLE_LOADER = "$(TEST_HOST)";
				CODE_SIGN_STYLE = Automatic;
				INFOPLIST_FILE = StudioGhilbiAppsTests/Info.plist;
				IPHONEOS_DEPLOYMENT_TARGET = 14.5;
				LD_RUNPATH_SEARCH_PATHS = (
					"$(inherited)",
					"@executable_path/Frameworks",
					"@loader_path/Frameworks",
				);
				PRODUCT_BUNDLE_IDENTIFIER = com.fora.StudioGhilbiAppsTests;
				PRODUCT_NAME = "$(TARGET_NAME)";
				SWIFT_VERSION = 5.0;
				TARGETED_DEVICE_FAMILY = "1,2";
				TEST_HOST = "$(BUILT_PRODUCTS_DIR)/StudioGhilbiApps.app/StudioGhilbiApps";
			};
			name = Debug;
		};
		5BBE08E426BA0B8300D898CD /* Release */ = {
			isa = XCBuildConfiguration;
			buildSettings = {
				ALWAYS_EMBED_SWIFT_STANDARD_LIBRARIES = YES;
				BUNDLE_LOADER = "$(TEST_HOST)";
				CODE_SIGN_STYLE = Automatic;
				INFOPLIST_FILE = StudioGhilbiAppsTests/Info.plist;
				IPHONEOS_DEPLOYMENT_TARGET = 14.5;
				LD_RUNPATH_SEARCH_PATHS = (
					"$(inherited)",
					"@executable_path/Frameworks",
					"@loader_path/Frameworks",
				);
				PRODUCT_BUNDLE_IDENTIFIER = com.fora.StudioGhilbiAppsTests;
				PRODUCT_NAME = "$(TARGET_NAME)";
				SWIFT_VERSION = 5.0;
				TARGETED_DEVICE_FAMILY = "1,2";
				TEST_HOST = "$(BUILT_PRODUCTS_DIR)/StudioGhilbiApps.app/StudioGhilbiApps";
			};
			name = Release;
		};
		5BBE08E626BA0B8300D898CD /* Debug */ = {
			isa = XCBuildConfiguration;
			buildSettings = {
				ALWAYS_EMBED_SWIFT_STANDARD_LIBRARIES = YES;
				CODE_SIGN_STYLE = Automatic;
				INFOPLIST_FILE = StudioGhilbiAppsUITests/Info.plist;
				LD_RUNPATH_SEARCH_PATHS = (
					"$(inherited)",
					"@executable_path/Frameworks",
					"@loader_path/Frameworks",
				);
				PRODUCT_BUNDLE_IDENTIFIER = com.fora.StudioGhilbiAppsUITests;
				PRODUCT_NAME = "$(TARGET_NAME)";
				SWIFT_VERSION = 5.0;
				TARGETED_DEVICE_FAMILY = "1,2";
				TEST_TARGET_NAME = StudioGhilbiApps;
			};
			name = Debug;
		};
		5BBE08E726BA0B8300D898CD /* Release */ = {
			isa = XCBuildConfiguration;
			buildSettings = {
				ALWAYS_EMBED_SWIFT_STANDARD_LIBRARIES = YES;
				CODE_SIGN_STYLE = Automatic;
				INFOPLIST_FILE = StudioGhilbiAppsUITests/Info.plist;
				LD_RUNPATH_SEARCH_PATHS = (
					"$(inherited)",
					"@executable_path/Frameworks",
					"@loader_path/Frameworks",
				);
				PRODUCT_BUNDLE_IDENTIFIER = com.fora.StudioGhilbiAppsUITests;
				PRODUCT_NAME = "$(TARGET_NAME)";
				SWIFT_VERSION = 5.0;
				TARGETED_DEVICE_FAMILY = "1,2";
				TEST_TARGET_NAME = StudioGhilbiApps;
			};
			name = Release;
		};
/* End XCBuildConfiguration section */

/* Begin XCConfigurationList section */
		5BBE08B026BA0B8100D898CD /* Build configuration list for PBXProject "StudioGhilbiApps" */ = {
			isa = XCConfigurationList;
			buildConfigurations = (
				5BBE08DD26BA0B8300D898CD /* Debug */,
				5BBE08DE26BA0B8300D898CD /* Release */,
			);
			defaultConfigurationIsVisible = 0;
			defaultConfigurationName = Release;
		};
		5BBE08DF26BA0B8300D898CD /* Build configuration list for PBXNativeTarget "StudioGhilbiApps" */ = {
			isa = XCConfigurationList;
			buildConfigurations = (
				5BBE08E026BA0B8300D898CD /* Debug */,
				5BBE08E126BA0B8300D898CD /* Release */,
			);
			defaultConfigurationIsVisible = 0;
			defaultConfigurationName = Release;
		};
		5BBE08E226BA0B8300D898CD /* Build configuration list for PBXNativeTarget "StudioGhilbiAppsTests" */ = {
			isa = XCConfigurationList;
			buildConfigurations = (
				5BBE08E326BA0B8300D898CD /* Debug */,
				5BBE08E426BA0B8300D898CD /* Release */,
			);
			defaultConfigurationIsVisible = 0;
			defaultConfigurationName = Release;
		};
		5BBE08E526BA0B8300D898CD /* Build configuration list for PBXNativeTarget "StudioGhilbiAppsUITests" */ = {
			isa = XCConfigurationList;
			buildConfigurations = (
				5BBE08E626BA0B8300D898CD /* Debug */,
				5BBE08E726BA0B8300D898CD /* Release */,
			);
			defaultConfigurationIsVisible = 0;
			defaultConfigurationName = Release;
		};
/* End XCConfigurationList section */
	};
	rootObject = 5BBE08AD26BA0B8100D898CD /* Project object */;
}
