// !$*UTF8*$!
{
	archiveVersion = 1;
	classes = {
	};
	objectVersion = 51;
	objects = {

/* Begin PBXBuildFile section */
		313DCBAA73480F33793BB68E /* Pods_StudioGhilbiApps_StudioGhilbiAppsUITests.framework in Frameworks */ = {isa = PBXBuildFile; fileRef = 56B7C9B35D58F4C772D3AEA8 /* Pods_StudioGhilbiApps_StudioGhilbiAppsUITests.framework */; };
		5B3A6B3126BE75F50055AB44 /* NetworkRequest.swift in Sources */ = {isa = PBXBuildFile; fileRef = 5B3A6B3026BE75F50055AB44 /* NetworkRequest.swift */; };
		5B8D33CA26BC849100C45BF9 /* MovieWorker.swift in Sources */ = {isa = PBXBuildFile; fileRef = 5B8D33C926BC849100C45BF9 /* MovieWorker.swift */; };
		5BBE08BB26BA0B8100D898CD /* SceneDelegate.swift in Sources */ = {isa = PBXBuildFile; fileRef = 5BBE08BA26BA0B8100D898CD /* SceneDelegate.swift */; };
		5BBE08BD26BA0B8100D898CD /* ViewController.swift in Sources */ = {isa = PBXBuildFile; fileRef = 5BBE08BC26BA0B8100D898CD /* ViewController.swift */; };
		5BBE08C526BA0B8300D898CD /* LaunchScreen.storyboard in Resources */ = {isa = PBXBuildFile; fileRef = 5BBE08C326BA0B8300D898CD /* LaunchScreen.storyboard */; };
		5BBE08D026BA0B8300D898CD /* StudioGhilbiAppsTests.swift in Sources */ = {isa = PBXBuildFile; fileRef = 5BBE08CF26BA0B8300D898CD /* StudioGhilbiAppsTests.swift */; };
		5BBE08DB26BA0B8300D898CD /* StudioGhilbiAppsUITests.swift in Sources */ = {isa = PBXBuildFile; fileRef = 5BBE08DA26BA0B8300D898CD /* StudioGhilbiAppsUITests.swift */; };
		5BBE08E926BA0FCF00D898CD /* MovieListViewControllerTest.swift in Sources */ = {isa = PBXBuildFile; fileRef = 5BBE08E826BA0FCF00D898CD /* MovieListViewControllerTest.swift */; };
		5BBE08EB26BA144D00D898CD /* MovieListViewController.swift in Sources */ = {isa = PBXBuildFile; fileRef = 5BBE08EA26BA144D00D898CD /* MovieListViewController.swift */; };
		5BBE08ED26BA175400D898CD /* MovieListViewController.xib in Resources */ = {isa = PBXBuildFile; fileRef = 5BBE08EC26BA175400D898CD /* MovieListViewController.xib */; };
		5BBE08EF26BA1F2600D898CD /* Movie.swift in Sources */ = {isa = PBXBuildFile; fileRef = 5BBE08EE26BA1F2600D898CD /* Movie.swift */; };
		5BBE08FE26BB1CC600D898CD /* MovieCollectionViewCell.swift in Sources */ = {isa = PBXBuildFile; fileRef = 5BBE08FC26BB1CC600D898CD /* MovieCollectionViewCell.swift */; };
		5BBE08FF26BB1CC600D898CD /* MovileCollectionViewCell.xib in Resources */ = {isa = PBXBuildFile; fileRef = 5BBE08FD26BB1CC600D898CD /* MovileCollectionViewCell.xib */; };
		5BBE090226BB6B6300D898CD /* NetworkService.swift in Sources */ = {isa = PBXBuildFile; fileRef = 5BBE090126BB6B6300D898CD /* NetworkService.swift */; };
		5BBE090626BB6E0900D898CD /* Assets.xcassets in Resources */ = {isa = PBXBuildFile; fileRef = 5BBE090426BB6E0900D898CD /* Assets.xcassets */; };
		5BBE090A26BB6E7A00D898CD /* AppDelegate.swift in Sources */ = {isa = PBXBuildFile; fileRef = 5BBE090926BB6E7A00D898CD /* AppDelegate.swift */; };
		5BBE090D26BB7C8800D898CD /* MovieListViewModel.swift in Sources */ = {isa = PBXBuildFile; fileRef = 5BBE090C26BB7C8800D898CD /* MovieListViewModel.swift */; };
		62B138E18BB44D1D5BDD2D2C /* Pods_StudioGhilbiApps.framework in Frameworks */ = {isa = PBXBuildFile; fileRef = A178B44503602090B02A607F /* Pods_StudioGhilbiApps.framework */; };
		E92A57D5952FAE3675ED8E18 /* Pods_StudioGhilbiAppsTests.framework in Frameworks */ = {isa = PBXBuildFile; fileRef = A201B0F7A0E10CEF0274D97E /* Pods_StudioGhilbiAppsTests.framework */; };
/* End PBXBuildFile section */

/* Begin PBXContainerItemProxy section */
		5BBE08CC26BA0B8300D898CD /* PBXContainerItemProxy */ = {
			isa = PBXContainerItemProxy;
			containerPortal = 5BBE08AD26BA0B8100D898CD /* Project object */;
			proxyType = 1;
			remoteGlobalIDString = 5BBE08B426BA0B8100D898CD;
			remoteInfo = StudioGhilbiApps;
		};
		5BBE08D726BA0B8300D898CD /* PBXContainerItemProxy */ = {
			isa = PBXContainerItemProxy;
			containerPortal = 5BBE08AD26BA0B8100D898CD /* Project object */;
			proxyType = 1;
			remoteGlobalIDString = 5BBE08B426BA0B8100D898CD;
			remoteInfo = StudioGhilbiApps;
		};
/* End PBXContainerItemProxy section */

/* Begin PBXFileReference section */
		3CACBD727E6BD67788258472 /* Pods-StudioGhilbiAppsTests.debug.xcconfig */ = {isa = PBXFileReference; includeInIndex = 1; lastKnownFileType = text.xcconfig; name = "Pods-StudioGhilbiAppsTests.debug.xcconfig"; path = "Target Support Files/Pods-StudioGhilbiAppsTests/Pods-StudioGhilbiAppsTests.debug.xcconfig"; sourceTree = "<group>"; };
		498092286819FD26C559F5F3 /* Pods-StudioGhilbiApps.release.xcconfig */ = {isa = PBXFileReference; includeInIndex = 1; lastKnownFileType = text.xcconfig; name = "Pods-StudioGhilbiApps.release.xcconfig"; path = "Target Support Files/Pods-StudioGhilbiApps/Pods-StudioGhilbiApps.release.xcconfig"; sourceTree = "<group>"; };
		56B7C9B35D58F4C772D3AEA8 /* Pods_StudioGhilbiApps_StudioGhilbiAppsUITests.framework */ = {isa = PBXFileReference; explicitFileType = wrapper.framework; includeInIndex = 0; path = Pods_StudioGhilbiApps_StudioGhilbiAppsUITests.framework; sourceTree = BUILT_PRODUCTS_DIR; };
		59ABB96B6EAC555D959417E2 /* Pods-StudioGhilbiApps-StudioGhilbiAppsUITests.debug.xcconfig */ = {isa = PBXFileReference; includeInIndex = 1; lastKnownFileType = text.xcconfig; name = "Pods-StudioGhilbiApps-StudioGhilbiAppsUITests.debug.xcconfig"; path = "Target Support Files/Pods-StudioGhilbiApps-StudioGhilbiAppsUITests/Pods-StudioGhilbiApps-StudioGhilbiAppsUITests.debug.xcconfig"; sourceTree = "<group>"; };
		5B3A6B3026BE75F50055AB44 /* NetworkRequest.swift */ = {isa = PBXFileReference; lastKnownFileType = sourcecode.swift; path = NetworkRequest.swift; sourceTree = "<group>"; };
		5B8D33C926BC849100C45BF9 /* MovieWorker.swift */ = {isa = PBXFileReference; lastKnownFileType = sourcecode.swift; path = MovieWorker.swift; sourceTree = "<group>"; };
		5BBE08B526BA0B8100D898CD /* StudioGhilbiApps.app */ = {isa = PBXFileReference; explicitFileType = wrapper.application; includeInIndex = 0; path = StudioGhilbiApps.app; sourceTree = BUILT_PRODUCTS_DIR; };
		5BBE08BA26BA0B8100D898CD /* SceneDelegate.swift */ = {isa = PBXFileReference; lastKnownFileType = sourcecode.swift; path = SceneDelegate.swift; sourceTree = "<group>"; };
		5BBE08BC26BA0B8100D898CD /* ViewController.swift */ = {isa = PBXFileReference; lastKnownFileType = sourcecode.swift; path = ViewController.swift; sourceTree = "<group>"; };
		5BBE08C426BA0B8300D898CD /* Base */ = {isa = PBXFileReference; lastKnownFileType = file.storyboard; name = Base; path = Base.lproj/LaunchScreen.storyboard; sourceTree = "<group>"; };
		5BBE08CB26BA0B8300D898CD /* StudioGhilbiAppsTests.xctest */ = {isa = PBXFileReference; explicitFileType = wrapper.cfbundle; includeInIndex = 0; path = StudioGhilbiAppsTests.xctest; sourceTree = BUILT_PRODUCTS_DIR; };
		5BBE08CF26BA0B8300D898CD /* StudioGhilbiAppsTests.swift */ = {isa = PBXFileReference; lastKnownFileType = sourcecode.swift; path = StudioGhilbiAppsTests.swift; sourceTree = "<group>"; };
		5BBE08D126BA0B8300D898CD /* Info.plist */ = {isa = PBXFileReference; lastKnownFileType = text.plist.xml; path = Info.plist; sourceTree = "<group>"; };
		5BBE08D626BA0B8300D898CD /* StudioGhilbiAppsUITests.xctest */ = {isa = PBXFileReference; explicitFileType = wrapper.cfbundle; includeInIndex = 0; path = StudioGhilbiAppsUITests.xctest; sourceTree = BUILT_PRODUCTS_DIR; };
		5BBE08DA26BA0B8300D898CD /* StudioGhilbiAppsUITests.swift */ = {isa = PBXFileReference; lastKnownFileType = sourcecode.swift; path = StudioGhilbiAppsUITests.swift; sourceTree = "<group>"; };
		5BBE08DC26BA0B8300D898CD /* Info.plist */ = {isa = PBXFileReference; lastKnownFileType = text.plist.xml; path = Info.plist; sourceTree = "<group>"; };
		5BBE08E826BA0FCF00D898CD /* MovieListViewControllerTest.swift */ = {isa = PBXFileReference; lastKnownFileType = sourcecode.swift; path = MovieListViewControllerTest.swift; sourceTree = "<group>"; };
		5BBE08EA26BA144D00D898CD /* MovieListViewController.swift */ = {isa = PBXFileReference; lastKnownFileType = sourcecode.swift; path = MovieListViewController.swift; sourceTree = "<group>"; };
		5BBE08EC26BA175400D898CD /* MovieListViewController.xib */ = {isa = PBXFileReference; lastKnownFileType = file.xib; path = MovieListViewController.xib; sourceTree = "<group>"; };
		5BBE08EE26BA1F2600D898CD /* Movie.swift */ = {isa = PBXFileReference; lastKnownFileType = sourcecode.swift; path = Movie.swift; sourceTree = "<group>"; };
		5BBE08FC26BB1CC600D898CD /* MovieCollectionViewCell.swift */ = {isa = PBXFileReference; lastKnownFileType = sourcecode.swift; path = MovieCollectionViewCell.swift; sourceTree = "<group>"; };
		5BBE08FD26BB1CC600D898CD /* MovileCollectionViewCell.xib */ = {isa = PBXFileReference; lastKnownFileType = file.xib; path = MovileCollectionViewCell.xib; sourceTree = "<group>"; };
		5BBE090126BB6B6300D898CD /* NetworkService.swift */ = {isa = PBXFileReference; lastKnownFileType = sourcecode.swift; path = NetworkService.swift; sourceTree = "<group>"; };
		5BBE090426BB6E0900D898CD /* Assets.xcassets */ = {isa = PBXFileReference; lastKnownFileType = folder.assetcatalog; path = Assets.xcassets; sourceTree = "<group>"; };
		5BBE090526BB6E0900D898CD /* Info.plist */ = {isa = PBXFileReference; fileEncoding = 4; lastKnownFileType = text.plist.xml; path = Info.plist; sourceTree = "<group>"; };
		5BBE090926BB6E7A00D898CD /* AppDelegate.swift */ = {isa = PBXFileReference; fileEncoding = 4; lastKnownFileType = sourcecode.swift; path = AppDelegate.swift; sourceTree = "<group>"; };
		5BBE090C26BB7C8800D898CD /* MovieListViewModel.swift */ = {isa = PBXFileReference; lastKnownFileType = sourcecode.swift; path = MovieListViewModel.swift; sourceTree = "<group>"; };
		7F4781183F9330C714F2A5AE /* Pods-StudioGhilbiApps.debug.xcconfig */ = {isa = PBXFileReference; includeInIndex = 1; lastKnownFileType = text.xcconfig; name = "Pods-StudioGhilbiApps.debug.xcconfig"; path = "Target Support Files/Pods-StudioGhilbiApps/Pods-StudioGhilbiApps.debug.xcconfig"; sourceTree = "<group>"; };
		9A7EB14FBB3627DE994DD01F /* Pods-StudioGhilbiApps-StudioGhilbiAppsUITests.release.xcconfig */ = {isa = PBXFileReference; includeInIndex = 1; lastKnownFileType = text.xcconfig; name = "Pods-StudioGhilbiApps-StudioGhilbiAppsUITests.release.xcconfig"; path = "Target Support Files/Pods-StudioGhilbiApps-StudioGhilbiAppsUITests/Pods-StudioGhilbiApps-StudioGhilbiAppsUITests.release.xcconfig"; sourceTree = "<group>"; };
		A178B44503602090B02A607F /* Pods_StudioGhilbiApps.framework */ = {isa = PBXFileReference; explicitFileType = wrapper.framework; includeInIndex = 0; path = Pods_StudioGhilbiApps.framework; sourceTree = BUILT_PRODUCTS_DIR; };
		A201B0F7A0E10CEF0274D97E /* Pods_StudioGhilbiAppsTests.framework */ = {isa = PBXFileReference; explicitFileType = wrapper.framework; includeInIndex = 0; path = Pods_StudioGhilbiAppsTests.framework; sourceTree = BUILT_PRODUCTS_DIR; };
		F91128ABA6E7CBFBA3FDB17B /* Pods-StudioGhilbiAppsTests.release.xcconfig */ = {isa = PBXFileReference; includeInIndex = 1; lastKnownFileType = text.xcconfig; name = "Pods-StudioGhilbiAppsTests.release.xcconfig"; path = "Target Support Files/Pods-StudioGhilbiAppsTests/Pods-StudioGhilbiAppsTests.release.xcconfig"; sourceTree = "<group>"; };
/* End PBXFileReference section */

/* Begin PBXFrameworksBuildPhase section */
		5BBE08B226BA0B8100D898CD /* Frameworks */ = {
			isa = PBXFrameworksBuildPhase;
			buildActionMask = 2147483647;
			files = (
				62B138E18BB44D1D5BDD2D2C /* Pods_StudioGhilbiApps.framework in Frameworks */,
			);
			runOnlyForDeploymentPostprocessing = 0;
		};
		5BBE08C826BA0B8300D898CD /* Frameworks */ = {
			isa = PBXFrameworksBuildPhase;
			buildActionMask = 2147483647;
			files = (
				E92A57D5952FAE3675ED8E18 /* Pods_StudioGhilbiAppsTests.framework in Frameworks */,
			);
			runOnlyForDeploymentPostprocessing = 0;
		};
		5BBE08D326BA0B8300D898CD /* Frameworks */ = {
			isa = PBXFrameworksBuildPhase;
			buildActionMask = 2147483647;
			files = (
				313DCBAA73480F33793BB68E /* Pods_StudioGhilbiApps_StudioGhilbiAppsUITests.framework in Frameworks */,
			);
			runOnlyForDeploymentPostprocessing = 0;
		};
/* End PBXFrameworksBuildPhase section */

/* Begin PBXGroup section */
		5B8D33C826BC846100C45BF9 /* Worker */ = {
			isa = PBXGroup;
			children = (
				5B8D33C926BC849100C45BF9 /* MovieWorker.swift */,
			);
			path = Worker;
			sourceTree = "<group>";
		};
		5BBE08AC26BA0B8100D898CD = {
			isa = PBXGroup;
			children = (
				5BBE08B726BA0B8100D898CD /* StudioGhilbiApps */,
				5BBE08CE26BA0B8300D898CD /* StudioGhilbiAppsTests */,
				5BBE08D926BA0B8300D898CD /* StudioGhilbiAppsUITests */,
				5BBE08B626BA0B8100D898CD /* Products */,
				6FB58C63E67991E926CF687A /* Pods */,
				78D5090A24D6BC98FD022909 /* Frameworks */,
			);
			sourceTree = "<group>";
		};
		5BBE08B626BA0B8100D898CD /* Products */ = {
			isa = PBXGroup;
			children = (
				5BBE08B526BA0B8100D898CD /* StudioGhilbiApps.app */,
				5BBE08CB26BA0B8300D898CD /* StudioGhilbiAppsTests.xctest */,
				5BBE08D626BA0B8300D898CD /* StudioGhilbiAppsUITests.xctest */,
			);
			name = Products;
			sourceTree = "<group>";
		};
		5BBE08B726BA0B8100D898CD /* StudioGhilbiApps */ = {
			isa = PBXGroup;
			children = (
				5B8D33C826BC846100C45BF9 /* Worker */,
				5BBE090826BB6E3700D898CD /* App */,
				5BBE090326BB6D9200D898CD /* Assets */,
				5BBE090026BB6B2800D898CD /* Network */,
				5BBE08BC26BA0B8100D898CD /* ViewController.swift */,
				5BBE08C326BA0B8300D898CD /* LaunchScreen.storyboard */,
				5BBE08EA26BA144D00D898CD /* MovieListViewController.swift */,
				5BBE08EC26BA175400D898CD /* MovieListViewController.xib */,
				5BBE08EE26BA1F2600D898CD /* Movie.swift */,
				5BBE08FC26BB1CC600D898CD /* MovieCollectionViewCell.swift */,
				5BBE08FD26BB1CC600D898CD /* MovileCollectionViewCell.xib */,
				5BBE090C26BB7C8800D898CD /* MovieListViewModel.swift */,
			);
			path = StudioGhilbiApps;
			sourceTree = "<group>";
		};
		5BBE08CE26BA0B8300D898CD /* StudioGhilbiAppsTests */ = {
			isa = PBXGroup;
			children = (
				5BBE08CF26BA0B8300D898CD /* StudioGhilbiAppsTests.swift */,
				5BBE08D126BA0B8300D898CD /* Info.plist */,
				5BBE08E826BA0FCF00D898CD /* MovieListViewControllerTest.swift */,
			);
			path = StudioGhilbiAppsTests;
			sourceTree = "<group>";
		};
		5BBE08D926BA0B8300D898CD /* StudioGhilbiAppsUITests */ = {
			isa = PBXGroup;
			children = (
				5BBE08DA26BA0B8300D898CD /* StudioGhilbiAppsUITests.swift */,
				5BBE08DC26BA0B8300D898CD /* Info.plist */,
			);
			path = StudioGhilbiAppsUITests;
			sourceTree = "<group>";
		};
		5BBE090026BB6B2800D898CD /* Network */ = {
			isa = PBXGroup;
			children = (
				5BBE090126BB6B6300D898CD /* NetworkService.swift */,
				5B3A6B3026BE75F50055AB44 /* NetworkRequest.swift */,
			);
			path = Network;
			sourceTree = "<group>";
		};
		5BBE090326BB6D9200D898CD /* Assets */ = {
			isa = PBXGroup;
			children = (
				5BBE090426BB6E0900D898CD /* Assets.xcassets */,
				5BBE090526BB6E0900D898CD /* Info.plist */,
			);
			path = Assets;
			sourceTree = "<group>";
		};
		5BBE090826BB6E3700D898CD /* App */ = {
			isa = PBXGroup;
			children = (
				5BBE08BA26BA0B8100D898CD /* SceneDelegate.swift */,
				5BBE090926BB6E7A00D898CD /* AppDelegate.swift */,
			);
			path = App;
			sourceTree = "<group>";
		};
		6FB58C63E67991E926CF687A /* Pods */ = {
			isa = PBXGroup;
			children = (
				7F4781183F9330C714F2A5AE /* Pods-StudioGhilbiApps.debug.xcconfig */,
				498092286819FD26C559F5F3 /* Pods-StudioGhilbiApps.release.xcconfig */,
				59ABB96B6EAC555D959417E2 /* Pods-StudioGhilbiApps-StudioGhilbiAppsUITests.debug.xcconfig */,
				9A7EB14FBB3627DE994DD01F /* Pods-StudioGhilbiApps-StudioGhilbiAppsUITests.release.xcconfig */,
				3CACBD727E6BD67788258472 /* Pods-StudioGhilbiAppsTests.debug.xcconfig */,
				F91128ABA6E7CBFBA3FDB17B /* Pods-StudioGhilbiAppsTests.release.xcconfig */,
			);
			path = Pods;
			sourceTree = "<group>";
		};
		78D5090A24D6BC98FD022909 /* Frameworks */ = {
			isa = PBXGroup;
			children = (
				A178B44503602090B02A607F /* Pods_StudioGhilbiApps.framework */,
				56B7C9B35D58F4C772D3AEA8 /* Pods_StudioGhilbiApps_StudioGhilbiAppsUITests.framework */,
				A201B0F7A0E10CEF0274D97E /* Pods_StudioGhilbiAppsTests.framework */,
			);
			name = Frameworks;
			sourceTree = "<group>";
		};
/* End PBXGroup section */

/* Begin PBXNativeTarget section */
		5BBE08B426BA0B8100D898CD /* StudioGhilbiApps */ = {
			isa = PBXNativeTarget;
			buildConfigurationList = 5BBE08DF26BA0B8300D898CD /* Build configuration list for PBXNativeTarget "StudioGhilbiApps" */;
			buildPhases = (
				BC785EDE599DED1CAA0B11F8 /* [CP] Check Pods Manifest.lock */,
				5BBE08B126BA0B8100D898CD /* Sources */,
				5BBE08B226BA0B8100D898CD /* Frameworks */,
				5BBE08B326BA0B8100D898CD /* Resources */,
				A2F3F00860C3104C584F3ED2 /* [CP] Embed Pods Frameworks */,
			);
			buildRules = (
			);
			dependencies = (
			);
			name = StudioGhilbiApps;
			productName = StudioGhilbiApps;
			productReference = 5BBE08B526BA0B8100D898CD /* StudioGhilbiApps.app */;
			productType = "com.apple.product-type.application";
		};
		5BBE08CA26BA0B8300D898CD /* StudioGhilbiAppsTests */ = {
			isa = PBXNativeTarget;
			buildConfigurationList = 5BBE08E226BA0B8300D898CD /* Build configuration list for PBXNativeTarget "StudioGhilbiAppsTests" */;
			buildPhases = (
				81D155C5EB736D3C5881611F /* [CP] Check Pods Manifest.lock */,
				5BBE08C726BA0B8300D898CD /* Sources */,
				5BBE08C826BA0B8300D898CD /* Frameworks */,
				5BBE08C926BA0B8300D898CD /* Resources */,
			);
			buildRules = (
			);
			dependencies = (
				5BBE08CD26BA0B8300D898CD /* PBXTargetDependency */,
			);
			name = StudioGhilbiAppsTests;
			productName = StudioGhilbiAppsTests;
			productReference = 5BBE08CB26BA0B8300D898CD /* StudioGhilbiAppsTests.xctest */;
			productType = "com.apple.product-type.bundle.unit-test";
		};
		5BBE08D526BA0B8300D898CD /* StudioGhilbiAppsUITests */ = {
			isa = PBXNativeTarget;
			buildConfigurationList = 5BBE08E526BA0B8300D898CD /* Build configuration list for PBXNativeTarget "StudioGhilbiAppsUITests" */;
			buildPhases = (
				521C04DF2EDEF662C58F3691 /* [CP] Check Pods Manifest.lock */,
				5BBE08D226BA0B8300D898CD /* Sources */,
				5BBE08D326BA0B8300D898CD /* Frameworks */,
				5BBE08D426BA0B8300D898CD /* Resources */,
				07053094BF69637A0C9F85FE /* [CP] Embed Pods Frameworks */,
			);
			buildRules = (
			);
			dependencies = (
				5BBE08D826BA0B8300D898CD /* PBXTargetDependency */,
			);
			name = StudioGhilbiAppsUITests;
			productName = StudioGhilbiAppsUITests;
			productReference = 5BBE08D626BA0B8300D898CD /* StudioGhilbiAppsUITests.xctest */;
			productType = "com.apple.product-type.bundle.ui-testing";
		};
/* End PBXNativeTarget section */

/* Begin PBXProject section */
		5BBE08AD26BA0B8100D898CD /* Project object */ = {
			isa = PBXProject;
			attributes = {
				LastSwiftUpdateCheck = 1250;
				LastUpgradeCheck = 1250;
				TargetAttributes = {
					5BBE08B426BA0B8100D898CD = {
						CreatedOnToolsVersion = 12.5;
					};
					5BBE08CA26BA0B8300D898CD = {
						CreatedOnToolsVersion = 12.5;
						TestTargetID = 5BBE08B426BA0B8100D898CD;
					};
					5BBE08D526BA0B8300D898CD = {
						CreatedOnToolsVersion = 12.5;
						TestTargetID = 5BBE08B426BA0B8100D898CD;
					};
				};
			};
			buildConfigurationList = 5BBE08B026BA0B8100D898CD /* Build configuration list for PBXProject "StudioGhilbiApps" */;
			compatibilityVersion = "Xcode 9.3";
			developmentRegion = en;
			hasScannedForEncodings = 0;
			knownRegions = (
				en,
				Base,
			);
			mainGroup = 5BBE08AC26BA0B8100D898CD;
			productRefGroup = 5BBE08B626BA0B8100D898CD /* Products */;
			projectDirPath = "";
			projectRoot = "";
			targets = (
				5BBE08B426BA0B8100D898CD /* StudioGhilbiApps */,
				5BBE08CA26BA0B8300D898CD /* StudioGhilbiAppsTests */,
				5BBE08D526BA0B8300D898CD /* StudioGhilbiAppsUITests */,
			);
		};
/* End PBXProject section */

/* Begin PBXResourcesBuildPhase section */
		5BBE08B326BA0B8100D898CD /* Resources */ = {
			isa = PBXResourcesBuildPhase;
			buildActionMask = 2147483647;
			files = (
				5BBE08FF26BB1CC600D898CD /* MovileCollectionViewCell.xib in Resources */,
				5BBE08ED26BA175400D898CD /* MovieListViewController.xib in Resources */,
				5BBE090626BB6E0900D898CD /* Assets.xcassets in Resources */,
				5BBE08C526BA0B8300D898CD /* LaunchScreen.storyboard in Resources */,
			);
			runOnlyForDeploymentPostprocessing = 0;
		};
		5BBE08C926BA0B8300D898CD /* Resources */ = {
			isa = PBXResourcesBuildPhase;
			buildActionMask = 2147483647;
			files = (
			);
			runOnlyForDeploymentPostprocessing = 0;
		};
		5BBE08D426BA0B8300D898CD /* Resources */ = {
			isa = PBXResourcesBuildPhase;
			buildActionMask = 2147483647;
			files = (
			);
			runOnlyForDeploymentPostprocessing = 0;
		};
/* End PBXResourcesBuildPhase section */

/* Begin PBXShellScriptBuildPhase section */
		07053094BF69637A0C9F85FE /* [CP] Embed Pods Frameworks */ = {
			isa = PBXShellScriptBuildPhase;
			buildActionMask = 2147483647;
			files = (
			);
			inputFileListPaths = (
				"${PODS_ROOT}/Target Support Files/Pods-StudioGhilbiApps-StudioGhilbiAppsUITests/Pods-StudioGhilbiApps-StudioGhilbiAppsUITests-frameworks-${CONFIGURATION}-input-files.xcfilelist",
			);
			name = "[CP] Embed Pods Frameworks";
			outputFileListPaths = (
				"${PODS_ROOT}/Target Support Files/Pods-StudioGhilbiApps-StudioGhilbiAppsUITests/Pods-StudioGhilbiApps-StudioGhilbiAppsUITests-frameworks-${CONFIGURATION}-output-files.xcfilelist",
			);
			runOnlyForDeploymentPostprocessing = 0;
			shellPath = /bin/sh;
			shellScript = "\"${PODS_ROOT}/Target Support Files/Pods-StudioGhilbiApps-StudioGhilbiAppsUITests/Pods-StudioGhilbiApps-StudioGhilbiAppsUITests-frameworks.sh\"\n";
			showEnvVarsInLog = 0;
		};
		521C04DF2EDEF662C58F3691 /* [CP] Check Pods Manifest.lock */ = {
			isa = PBXShellScriptBuildPhase;
			buildActionMask = 2147483647;
			files = (
			);
			inputFileListPaths = (
			);
			inputPaths = (
				"${PODS_PODFILE_DIR_PATH}/Podfile.lock",
				"${PODS_ROOT}/Manifest.lock",
			);
			name = "[CP] Check Pods Manifest.lock";
			outputFileListPaths = (
			);
			outputPaths = (
				"$(DERIVED_FILE_DIR)/Pods-StudioGhilbiApps-StudioGhilbiAppsUITests-checkManifestLockResult.txt",
			);
			runOnlyForDeploymentPostprocessing = 0;
			shellPath = /bin/sh;
			shellScript = "diff \"${PODS_PODFILE_DIR_PATH}/Podfile.lock\" \"${PODS_ROOT}/Manifest.lock\" > /dev/null\nif [ $? != 0 ] ; then\n    # print error to STDERR\n    echo \"error: The sandbox is not in sync with the Podfile.lock. Run 'pod install' or update your CocoaPods installation.\" >&2\n    exit 1\nfi\n# This output is used by Xcode 'outputs' to avoid re-running this script phase.\necho \"SUCCESS\" > \"${SCRIPT_OUTPUT_FILE_0}\"\n";
			showEnvVarsInLog = 0;
		};
		81D155C5EB736D3C5881611F /* [CP] Check Pods Manifest.lock */ = {
			isa = PBXShellScriptBuildPhase;
			buildActionMask = 2147483647;
			files = (
			);
			inputFileListPaths = (
			);
			inputPaths = (
				"${PODS_PODFILE_DIR_PATH}/Podfile.lock",
				"${PODS_ROOT}/Manifest.lock",
			);
			name = "[CP] Check Pods Manifest.lock";
			outputFileListPaths = (
			);
			outputPaths = (
				"$(DERIVED_FILE_DIR)/Pods-StudioGhilbiAppsTests-checkManifestLockResult.txt",
			);
			runOnlyForDeploymentPostprocessing = 0;
			shellPath = /bin/sh;
			shellScript = "diff \"${PODS_PODFILE_DIR_PATH}/Podfile.lock\" \"${PODS_ROOT}/Manifest.lock\" > /dev/null\nif [ $? != 0 ] ; then\n    # print error to STDERR\n    echo \"error: The sandbox is not in sync with the Podfile.lock. Run 'pod install' or update your CocoaPods installation.\" >&2\n    exit 1\nfi\n# This output is used by Xcode 'outputs' to avoid re-running this script phase.\necho \"SUCCESS\" > \"${SCRIPT_OUTPUT_FILE_0}\"\n";
			showEnvVarsInLog = 0;
		};
		A2F3F00860C3104C584F3ED2 /* [CP] Embed Pods Frameworks */ = {
			isa = PBXShellScriptBuildPhase;
			buildActionMask = 2147483647;
			files = (
			);
			inputFileListPaths = (
				"${PODS_ROOT}/Target Support Files/Pods-StudioGhilbiApps/Pods-StudioGhilbiApps-frameworks-${CONFIGURATION}-input-files.xcfilelist",
			);
			name = "[CP] Embed Pods Frameworks";
			outputFileListPaths = (
				"${PODS_ROOT}/Target Support Files/Pods-StudioGhilbiApps/Pods-StudioGhilbiApps-frameworks-${CONFIGURATION}-output-files.xcfilelist",
			);
			runOnlyForDeploymentPostprocessing = 0;
			shellPath = /bin/sh;
			shellScript = "\"${PODS_ROOT}/Target Support Files/Pods-StudioGhilbiApps/Pods-StudioGhilbiApps-frameworks.sh\"\n";
			showEnvVarsInLog = 0;
		};
		BC785EDE599DED1CAA0B11F8 /* [CP] Check Pods Manifest.lock */ = {
			isa = PBXShellScriptBuildPhase;
			buildActionMask = 2147483647;
			files = (
			);
			inputFileListPaths = (
			);
			inputPaths = (
				"${PODS_PODFILE_DIR_PATH}/Podfile.lock",
				"${PODS_ROOT}/Manifest.lock",
			);
			name = "[CP] Check Pods Manifest.lock";
			outputFileListPaths = (
			);
			outputPaths = (
				"$(DERIVED_FILE_DIR)/Pods-StudioGhilbiApps-checkManifestLockResult.txt",
			);
			runOnlyForDeploymentPostprocessing = 0;
			shellPath = /bin/sh;
			shellScript = "diff \"${PODS_PODFILE_DIR_PATH}/Podfile.lock\" \"${PODS_ROOT}/Manifest.lock\" > /dev/null\nif [ $? != 0 ] ; then\n    # print error to STDERR\n    echo \"error: The sandbox is not in sync with the Podfile.lock. Run 'pod install' or update your CocoaPods installation.\" >&2\n    exit 1\nfi\n# This output is used by Xcode 'outputs' to avoid re-running this script phase.\necho \"SUCCESS\" > \"${SCRIPT_OUTPUT_FILE_0}\"\n";
			showEnvVarsInLog = 0;
		};
/* End PBXShellScriptBuildPhase section */

/* Begin PBXSourcesBuildPhase section */
		5BBE08B126BA0B8100D898CD /* Sources */ = {
			isa = PBXSourcesBuildPhase;
			buildActionMask = 2147483647;
			files = (
				5BBE090A26BB6E7A00D898CD /* AppDelegate.swift in Sources */,
				5BBE08BD26BA0B8100D898CD /* ViewController.swift in Sources */,
				5BBE08EF26BA1F2600D898CD /* Movie.swift in Sources */,
				5BBE090D26BB7C8800D898CD /* MovieListViewModel.swift in Sources */,
				5B3A6B3126BE75F50055AB44 /* NetworkRequest.swift in Sources */,
				5BBE08BB26BA0B8100D898CD /* SceneDelegate.swift in Sources */,
				5B8D33CA26BC849100C45BF9 /* MovieWorker.swift in Sources */,
				5BBE08FE26BB1CC600D898CD /* MovieCollectionViewCell.swift in Sources */,
				5BBE08EB26BA144D00D898CD /* MovieListViewController.swift in Sources */,
				5BBE090226BB6B6300D898CD /* NetworkService.swift in Sources */,
			);
			runOnlyForDeploymentPostprocessing = 0;
		};
		5BBE08C726BA0B8300D898CD /* Sources */ = {
			isa = PBXSourcesBuildPhase;
			buildActionMask = 2147483647;
			files = (
				5BBE08D026BA0B8300D898CD /* StudioGhilbiAppsTests.swift in Sources */,
				5BBE08E926BA0FCF00D898CD /* MovieListViewControllerTest.swift in Sources */,
			);
			runOnlyForDeploymentPostprocessing = 0;
		};
		5BBE08D226BA0B8300D898CD /* Sources */ = {
			isa = PBXSourcesBuildPhase;
			buildActionMask = 2147483647;
			files = (
				5BBE08DB26BA0B8300D898CD /* StudioGhilbiAppsUITests.swift in Sources */,
			);
			runOnlyForDeploymentPostprocessing = 0;
		};
/* End PBXSourcesBuildPhase section */

/* Begin PBXTargetDependency section */
		5BBE08CD26BA0B8300D898CD /* PBXTargetDependency */ = {
			isa = PBXTargetDependency;
			target = 5BBE08B426BA0B8100D898CD /* StudioGhilbiApps */;
			targetProxy = 5BBE08CC26BA0B8300D898CD /* PBXContainerItemProxy */;
		};
		5BBE08D826BA0B8300D898CD /* PBXTargetDependency */ = {
			isa = PBXTargetDependency;
			target = 5BBE08B426BA0B8100D898CD /* StudioGhilbiApps */;
			targetProxy = 5BBE08D726BA0B8300D898CD /* PBXContainerItemProxy */;
		};
/* End PBXTargetDependency section */

/* Begin PBXVariantGroup section */
		5BBE08C326BA0B8300D898CD /* LaunchScreen.storyboard */ = {
			isa = PBXVariantGroup;
			children = (
				5BBE08C426BA0B8300D898CD /* Base */,
			);
			name = LaunchScreen.storyboard;
			sourceTree = "<group>";
		};
/* End PBXVariantGroup section */

/* Begin XCBuildConfiguration section */
		5BBE08DD26BA0B8300D898CD /* Debug */ = {
			isa = XCBuildConfiguration;
			buildSettings = {
				ALWAYS_SEARCH_USER_PATHS = NO;
				CLANG_ANALYZER_NONNULL = YES;
				CLANG_ANALYZER_NUMBER_OBJECT_CONVERSION = YES_AGGRESSIVE;
				CLANG_CXX_LANGUAGE_STANDARD = "gnu++14";
				CLANG_CXX_LIBRARY = "libc++";
				CLANG_ENABLE_MODULES = YES;
				CLANG_ENABLE_OBJC_ARC = YES;
				CLANG_ENABLE_OBJC_WEAK = YES;
				CLANG_WARN_BLOCK_CAPTURE_AUTORELEASING = YES;
				CLANG_WARN_BOOL_CONVERSION = YES;
				CLANG_WARN_COMMA = YES;
				CLANG_WARN_CONSTANT_CONVERSION = YES;
				CLANG_WARN_DEPRECATED_OBJC_IMPLEMENTATIONS = YES;
				CLANG_WARN_DIRECT_OBJC_ISA_USAGE = YES_ERROR;
				CLANG_WARN_DOCUMENTATION_COMMENTS = YES;
				CLANG_WARN_EMPTY_BODY = YES;
				CLANG_WARN_ENUM_CONVERSION = YES;
				CLANG_WARN_INFINITE_RECURSION = YES;
				CLANG_WARN_INT_CONVERSION = YES;
				CLANG_WARN_NON_LITERAL_NULL_CONVERSION = YES;
				CLANG_WARN_OBJC_IMPLICIT_RETAIN_SELF = YES;
				CLANG_WARN_OBJC_LITERAL_CONVERSION = YES;
				CLANG_WARN_OBJC_ROOT_CLASS = YES_ERROR;
				CLANG_WARN_QUOTED_INCLUDE_IN_FRAMEWORK_HEADER = YES;
				CLANG_WARN_RANGE_LOOP_ANALYSIS = YES;
				CLANG_WARN_STRICT_PROTOTYPES = YES;
				CLANG_WARN_SUSPICIOUS_MOVE = YES;
				CLANG_WARN_UNGUARDED_AVAILABILITY = YES_AGGRESSIVE;
				CLANG_WARN_UNREACHABLE_CODE = YES;
				CLANG_WARN__DUPLICATE_METHOD_MATCH = YES;
				COPY_PHASE_STRIP = NO;
				DEBUG_INFORMATION_FORMAT = dwarf;
				ENABLE_STRICT_OBJC_MSGSEND = YES;
				ENABLE_TESTABILITY = YES;
				GCC_C_LANGUAGE_STANDARD = gnu11;
				GCC_DYNAMIC_NO_PIC = NO;
				GCC_NO_COMMON_BLOCKS = YES;
				GCC_OPTIMIZATION_LEVEL = 0;
				GCC_PREPROCESSOR_DEFINITIONS = (
					"DEBUG=1",
					"$(inherited)",
				);
				GCC_WARN_64_TO_32_BIT_CONVERSION = YES;
				GCC_WARN_ABOUT_RETURN_TYPE = YES_ERROR;
				GCC_WARN_UNDECLARED_SELECTOR = YES;
				GCC_WARN_UNINITIALIZED_AUTOS = YES_AGGRESSIVE;
				GCC_WARN_UNUSED_FUNCTION = YES;
				GCC_WARN_UNUSED_VARIABLE = YES;
				IPHONEOS_DEPLOYMENT_TARGET = 14.5;
				MTL_ENABLE_DEBUG_INFO = INCLUDE_SOURCE;
				MTL_FAST_MATH = YES;
				ONLY_ACTIVE_ARCH = YES;
				SDKROOT = iphoneos;
				SWIFT_ACTIVE_COMPILATION_CONDITIONS = DEBUG;
				SWIFT_OPTIMIZATION_LEVEL = "-Onone";
			};
			name = Debug;
		};
		5BBE08DE26BA0B8300D898CD /* Release */ = {
			isa = XCBuildConfiguration;
			buildSettings = {
				ALWAYS_SEARCH_USER_PATHS = NO;
				CLANG_ANALYZER_NONNULL = YES;
				CLANG_ANALYZER_NUMBER_OBJECT_CONVERSION = YES_AGGRESSIVE;
				CLANG_CXX_LANGUAGE_STANDARD = "gnu++14";
				CLANG_CXX_LIBRARY = "libc++";
				CLANG_ENABLE_MODULES = YES;
				CLANG_ENABLE_OBJC_ARC = YES;
				CLANG_ENABLE_OBJC_WEAK = YES;
				CLANG_WARN_BLOCK_CAPTURE_AUTORELEASING = YES;
				CLANG_WARN_BOOL_CONVERSION = YES;
				CLANG_WARN_COMMA = YES;
				CLANG_WARN_CONSTANT_CONVERSION = YES;
				CLANG_WARN_DEPRECATED_OBJC_IMPLEMENTATIONS = YES;
				CLANG_WARN_DIRECT_OBJC_ISA_USAGE = YES_ERROR;
				CLANG_WARN_DOCUMENTATION_COMMENTS = YES;
				CLANG_WARN_EMPTY_BODY = YES;
				CLANG_WARN_ENUM_CONVERSION = YES;
				CLANG_WARN_INFINITE_RECURSION = YES;
				CLANG_WARN_INT_CONVERSION = YES;
				CLANG_WARN_NON_LITERAL_NULL_CONVERSION = YES;
				CLANG_WARN_OBJC_IMPLICIT_RETAIN_SELF = YES;
				CLANG_WARN_OBJC_LITERAL_CONVERSION = YES;
				CLANG_WARN_OBJC_ROOT_CLASS = YES_ERROR;
				CLANG_WARN_QUOTED_INCLUDE_IN_FRAMEWORK_HEADER = YES;
				CLANG_WARN_RANGE_LOOP_ANALYSIS = YES;
				CLANG_WARN_STRICT_PROTOTYPES = YES;
				CLANG_WARN_SUSPICIOUS_MOVE = YES;
				CLANG_WARN_UNGUARDED_AVAILABILITY = YES_AGGRESSIVE;
				CLANG_WARN_UNREACHABLE_CODE = YES;
				CLANG_WARN__DUPLICATE_METHOD_MATCH = YES;
				COPY_PHASE_STRIP = NO;
				DEBUG_INFORMATION_FORMAT = "dwarf-with-dsym";
				ENABLE_NS_ASSERTIONS = NO;
				ENABLE_STRICT_OBJC_MSGSEND = YES;
				GCC_C_LANGUAGE_STANDARD = gnu11;
				GCC_NO_COMMON_BLOCKS = YES;
				GCC_WARN_64_TO_32_BIT_CONVERSION = YES;
				GCC_WARN_ABOUT_RETURN_TYPE = YES_ERROR;
				GCC_WARN_UNDECLARED_SELECTOR = YES;
				GCC_WARN_UNINITIALIZED_AUTOS = YES_AGGRESSIVE;
				GCC_WARN_UNUSED_FUNCTION = YES;
				GCC_WARN_UNUSED_VARIABLE = YES;
				IPHONEOS_DEPLOYMENT_TARGET = 14.5;
				MTL_ENABLE_DEBUG_INFO = NO;
				MTL_FAST_MATH = YES;
				SDKROOT = iphoneos;
				SWIFT_COMPILATION_MODE = wholemodule;
				SWIFT_OPTIMIZATION_LEVEL = "-O";
				VALIDATE_PRODUCT = YES;
			};
			name = Release;
		};
		5BBE08E026BA0B8300D898CD /* Debug */ = {
			isa = XCBuildConfiguration;
			baseConfigurationReference = 7F4781183F9330C714F2A5AE /* Pods-StudioGhilbiApps.debug.xcconfig */;
			buildSettings = {
				ASSETCATALOG_COMPILER_APPICON_NAME = AppIcon;
				ASSETCATALOG_COMPILER_GLOBAL_ACCENT_COLOR_NAME = AccentColor;
				CODE_SIGN_STYLE = Automatic;
				INFOPLIST_FILE = StudioGhilbiApps/Assets/Info.plist;
				LD_RUNPATH_SEARCH_PATHS = (
					"$(inherited)",
					"@executable_path/Frameworks",
				);
				PRODUCT_BUNDLE_IDENTIFIER = com.fora.StudioGhilbiApps;
				PRODUCT_NAME = "$(TARGET_NAME)";
				SWIFT_VERSION = 5.0;
				TARGETED_DEVICE_FAMILY = "1,2";
			};
			name = Debug;
		};
		5BBE08E126BA0B8300D898CD /* Release */ = {
			isa = XCBuildConfiguration;
			baseConfigurationReference = 498092286819FD26C559F5F3 /* Pods-StudioGhilbiApps.release.xcconfig */;
			buildSettings = {
				ASSETCATALOG_COMPILER_APPICON_NAME = AppIcon;
				ASSETCATALOG_COMPILER_GLOBAL_ACCENT_COLOR_NAME = AccentColor;
				CODE_SIGN_STYLE = Automatic;
				INFOPLIST_FILE = StudioGhilbiApps/Assets/Info.plist;
				LD_RUNPATH_SEARCH_PATHS = (
					"$(inherited)",
					"@executable_path/Frameworks",
				);
				PRODUCT_BUNDLE_IDENTIFIER = com.fora.StudioGhilbiApps;
				PRODUCT_NAME = "$(TARGET_NAME)";
				SWIFT_VERSION = 5.0;
				TARGETED_DEVICE_FAMILY = "1,2";
			};
			name = Release;
		};
		5BBE08E326BA0B8300D898CD /* Debug */ = {
			isa = XCBuildConfiguration;
			baseConfigurationReference = 3CACBD727E6BD67788258472 /* Pods-StudioGhilbiAppsTests.debug.xcconfig */;
			buildSettings = {
				ALWAYS_EMBED_SWIFT_STANDARD_LIBRARIES = YES;
				BUNDLE_LOADER = "$(TEST_HOST)";
				CODE_SIGN_STYLE = Automatic;
				INFOPLIST_FILE = StudioGhilbiAppsTests/Info.plist;
				IPHONEOS_DEPLOYMENT_TARGET = 14.5;
				LD_RUNPATH_SEARCH_PATHS = (
					"$(inherited)",
					"@executable_path/Frameworks",
					"@loader_path/Frameworks",
				);
				PRODUCT_BUNDLE_IDENTIFIER = com.fora.StudioGhilbiAppsTests;
				PRODUCT_NAME = "$(TARGET_NAME)";
				SWIFT_VERSION = 5.0;
				TARGETED_DEVICE_FAMILY = "1,2";
				TEST_HOST = "$(BUILT_PRODUCTS_DIR)/StudioGhilbiApps.app/StudioGhilbiApps";
			};
			name = Debug;
		};
		5BBE08E426BA0B8300D898CD /* Release */ = {
			isa = XCBuildConfiguration;
			baseConfigurationReference = F91128ABA6E7CBFBA3FDB17B /* Pods-StudioGhilbiAppsTests.release.xcconfig */;
			buildSettings = {
				ALWAYS_EMBED_SWIFT_STANDARD_LIBRARIES = YES;
				BUNDLE_LOADER = "$(TEST_HOST)";
				CODE_SIGN_STYLE = Automatic;
				INFOPLIST_FILE = StudioGhilbiAppsTests/Info.plist;
				IPHONEOS_DEPLOYMENT_TARGET = 14.5;
				LD_RUNPATH_SEARCH_PATHS = (
					"$(inherited)",
					"@executable_path/Frameworks",
					"@loader_path/Frameworks",
				);
				PRODUCT_BUNDLE_IDENTIFIER = com.fora.StudioGhilbiAppsTests;
				PRODUCT_NAME = "$(TARGET_NAME)";
				SWIFT_VERSION = 5.0;
				TARGETED_DEVICE_FAMILY = "1,2";
				TEST_HOST = "$(BUILT_PRODUCTS_DIR)/StudioGhilbiApps.app/StudioGhilbiApps";
			};
			name = Release;
		};
		5BBE08E626BA0B8300D898CD /* Debug */ = {
			isa = XCBuildConfiguration;
			baseConfigurationReference = 59ABB96B6EAC555D959417E2 /* Pods-StudioGhilbiApps-StudioGhilbiAppsUITests.debug.xcconfig */;
			buildSettings = {
				ALWAYS_EMBED_SWIFT_STANDARD_LIBRARIES = YES;
				CODE_SIGN_STYLE = Automatic;
				INFOPLIST_FILE = StudioGhilbiAppsUITests/Info.plist;
				LD_RUNPATH_SEARCH_PATHS = (
					"$(inherited)",
					"@executable_path/Frameworks",
					"@loader_path/Frameworks",
				);
				PRODUCT_BUNDLE_IDENTIFIER = com.fora.StudioGhilbiAppsUITests;
				PRODUCT_NAME = "$(TARGET_NAME)";
				SWIFT_VERSION = 5.0;
				TARGETED_DEVICE_FAMILY = "1,2";
				TEST_TARGET_NAME = StudioGhilbiApps;
			};
			name = Debug;
		};
		5BBE08E726BA0B8300D898CD /* Release */ = {
			isa = XCBuildConfiguration;
			baseConfigurationReference = 9A7EB14FBB3627DE994DD01F /* Pods-StudioGhilbiApps-StudioGhilbiAppsUITests.release.xcconfig */;
			buildSettings = {
				ALWAYS_EMBED_SWIFT_STANDARD_LIBRARIES = YES;
				CODE_SIGN_STYLE = Automatic;
				INFOPLIST_FILE = StudioGhilbiAppsUITests/Info.plist;
				LD_RUNPATH_SEARCH_PATHS = (
					"$(inherited)",
					"@executable_path/Frameworks",
					"@loader_path/Frameworks",
				);
				PRODUCT_BUNDLE_IDENTIFIER = com.fora.StudioGhilbiAppsUITests;
				PRODUCT_NAME = "$(TARGET_NAME)";
				SWIFT_VERSION = 5.0;
				TARGETED_DEVICE_FAMILY = "1,2";
				TEST_TARGET_NAME = StudioGhilbiApps;
			};
			name = Release;
		};
/* End XCBuildConfiguration section */

/* Begin XCConfigurationList section */
		5BBE08B026BA0B8100D898CD /* Build configuration list for PBXProject "StudioGhilbiApps" */ = {
			isa = XCConfigurationList;
			buildConfigurations = (
				5BBE08DD26BA0B8300D898CD /* Debug */,
				5BBE08DE26BA0B8300D898CD /* Release */,
			);
			defaultConfigurationIsVisible = 0;
			defaultConfigurationName = Release;
		};
		5BBE08DF26BA0B8300D898CD /* Build configuration list for PBXNativeTarget "StudioGhilbiApps" */ = {
			isa = XCConfigurationList;
			buildConfigurations = (
				5BBE08E026BA0B8300D898CD /* Debug */,
				5BBE08E126BA0B8300D898CD /* Release */,
			);
			defaultConfigurationIsVisible = 0;
			defaultConfigurationName = Release;
		};
		5BBE08E226BA0B8300D898CD /* Build configuration list for PBXNativeTarget "StudioGhilbiAppsTests" */ = {
			isa = XCConfigurationList;
			buildConfigurations = (
				5BBE08E326BA0B8300D898CD /* Debug */,
				5BBE08E426BA0B8300D898CD /* Release */,
			);
			defaultConfigurationIsVisible = 0;
			defaultConfigurationName = Release;
		};
		5BBE08E526BA0B8300D898CD /* Build configuration list for PBXNativeTarget "StudioGhilbiAppsUITests" */ = {
			isa = XCConfigurationList;
			buildConfigurations = (
				5BBE08E626BA0B8300D898CD /* Debug */,
				5BBE08E726BA0B8300D898CD /* Release */,
			);
			defaultConfigurationIsVisible = 0;
			defaultConfigurationName = Release;
		};
/* End XCConfigurationList section */
	};
	rootObject = 5BBE08AD26BA0B8100D898CD /* Project object */;
}
